
Microsoft Visual Studio Solution File, Format Version 12.00
# Visual Studio Version 17
VisualStudioVersion = 17.7.34024.191
MinimumVisualStudioVersion = 10.0.40219.1
Project("{FAE04EC0-301F-11D3-BF4B-00C04F79EFBC}") = "PW1Entity", "PW1Entity\PW1Entity.csproj", "{CEE3C568-F4A0-4378-BA34-535CBE02A79B}"
EndProject
Global
	GlobalSection(SolutionConfigurationPlatforms) = preSolution
		Debug|Any CPU = Debug|Any CPU
		Release|Any CPU = Release|Any CPU
	EndGlobalSection
	GlobalSection(ProjectConfigurationPlatforms) = postSolution
		{CEE3C568-F4A0-4378-BA34-535CBE02A79B}.Debug|Any CPU.ActiveCfg = Debug|Any CPU
		{CEE3C568-F4A0-4378-BA34-535CBE02A79B}.Debug|Any CPU.Build.0 = Debug|Any CPU
		{CEE3C568-F4A0-4378-BA34-535CBE02A79B}.Release|Any CPU.ActiveCfg = Release|Any CPU
		{CEE3C568-F4A0-4378-BA34-535CBE02A79B}.Release|Any CPU.Build.0 = Release|Any CPU
	EndGlobalSection
	GlobalSection(SolutionProperties) = preSolution
		HideSolutionNode = FALSE
	EndGlobalSection
	GlobalSection(ExtensibilityGlobals) = postSolution
		SolutionGuid = {42B31080-3816-4D38-9E77-4AE43DAC812D}
	EndGlobalSection
EndGlobal
