
Microsoft Visual Studio Solution File, Format Version 12.00
# Visual Studio Version 17
VisualStudioVersion = 17.7.34024.191
MinimumVisualStudioVersion = 10.0.40219.1
Project("{FAE04EC0-301F-11D3-BF4B-00C04F79EFBC}") = "LabPW1", "LabPW1\LabPW1.csproj", "{047907C7-5114-41F8-B64A-1F97FA762701}"
EndProject
Global
	GlobalSection(SolutionConfigurationPlatforms) = preSolution
		Debug|Any CPU = Debug|Any CPU
		Release|Any CPU = Release|Any CPU
	EndGlobalSection
	GlobalSection(ProjectConfigurationPlatforms) = postSolution
		{047907C7-5114-41F8-B64A-1F97FA762701}.Debug|Any CPU.ActiveCfg = Debug|Any CPU
		{047907C7-5114-41F8-B64A-1F97FA762701}.Debug|Any CPU.Build.0 = Debug|Any CPU
		{047907C7-5114-41F8-B64A-1F97FA762701}.Release|Any CPU.ActiveCfg = Release|Any CPU
		{047907C7-5114-41F8-B64A-1F97FA762701}.Release|Any CPU.Build.0 = Release|Any CPU
	EndGlobalSection
	GlobalSection(SolutionProperties) = preSolution
		HideSolutionNode = FALSE
	EndGlobalSection
	GlobalSection(ExtensibilityGlobals) = postSolution
		SolutionGuid = {B713F777-E083-4F39-B611-68FCF20DB395}
	EndGlobalSection
EndGlobal
